
Microsoft Visual Studio Solution File, Format Version 12.00
# Visual Studio 2013
VisualStudioVersion = 12.0.40629.0
MinimumVisualStudioVersion = 10.0.40219.1
Project("{FAE04EC0-301F-11D3-BF4B-00C04F79EFBC}") = "HTTPProxyServer", "HTTPProxyServer\HTTPProxyServer.csproj", "{8D73A1BE-868C-42D2-9ECE-F32CC1A02906}"
	ProjectSection(ProjectDependencies) = postProject
		{20F63914-4FF5-43FF-B928-FE3DBA8226DE} = {20F63914-4FF5-43FF-B928-FE3DBA8226DE}
	EndProjectSection
EndProject
Project("{FAE04EC0-301F-11D3-BF4B-00C04F79EFBC}") = "ProxyServiceAppln", "ProxyServiceAppln\ProxyServiceAppln.csproj", "{5BEA75D3-72E2-41AA-93D8-37732EA2837D}"
EndProject
Project("{FAE04EC0-301F-11D3-BF4B-00C04F79EFBC}") = "RegistryOperations", "RegistryOperations\RegistryOperations.csproj", "{12C89DE7-709E-4F4F-94C8-E52EF4C6121D}"
EndProject
Project("{FAE04EC0-301F-11D3-BF4B-00C04F79EFBC}") = "CertificateManagement", "CertificateManagement\CertificateManagement.csproj", "{7472746E-4CB9-4D02-AEE1-49F3A138F1DE}"
EndProject
Project("{54435603-DBB4-11D2-8724-00A0C9A8B90C}") = "ProxyServiceSetup", "ProxyServiceSetup\ProxyServiceSetup.vdproj", "{EF2FB02F-099F-4FA1-84BB-3169FB9D0B69}"
EndProject
Project("{FAE04EC0-301F-11D3-BF4B-00C04F79EFBC}") = "ProxyUI", "ProxyUI\ProxyUI.csproj", "{20F63914-4FF5-43FF-B928-FE3DBA8226DE}"
EndProject
Project("{FAE04EC0-301F-11D3-BF4B-00C04F79EFBC}") = "ProxyDb", "ProxyDb\ProxyDb.csproj", "{8D24A6A0-2025-42AF-9A49-AE843C3FCCB9}"
EndProject
Project("{FAE04EC0-301F-11D3-BF4B-00C04F79EFBC}") = "Automatonic.HttpArchive", "Automatonic.HttpArchive\Automatonic.HttpArchive.csproj", "{80C8BD1F-79B0-4189-8BE8-1CB5D0098A50}"
EndProject
Project("{FAE04EC0-301F-11D3-BF4B-00C04F79EFBC}") = "HTTPDataAnalyzer", "HTTPDataAnalyzer\HTTPDataAnalyzer.csproj", "{6681A35B-DA46-4811-8B69-5D6DEBDC73D4}"
EndProject
Project("{FAE04EC0-301F-11D3-BF4B-00C04F79EFBC}") = "ProxyServiceDBAppln", "ProxyServiceDBAppln\ProxyServiceDBAppln.csproj", "{65D8A60F-A8D2-4D1D-B979-2CAD2C8AC1DB}"
EndProject
Project("{FAE04EC0-301F-11D3-BF4B-00C04F79EFBC}") = "MIMEIdentifier", "MIMEIdentifier\MIMEIdentifier.csproj", "{1E432E75-4537-4854-8A79-1E097E768A3C}"
EndProject
Project("{FAE04EC0-301F-11D3-BF4B-00C04F79EFBC}") = "AppInfoMonitor", "AppInfoMonitor\AppInfoMonitor.csproj", "{A5D9324F-D09A-4151-8820-A78B9A3A6FF7}"
EndProject
Project("{FAE04EC0-301F-11D3-BF4B-00C04F79EFBC}") = "Forensics", "Forensics\Forensics.csproj", "{B59D8071-EAF9-4C9C-BD0C-782F8FE43EA6}"
EndProject
Project("{FAE04EC0-301F-11D3-BF4B-00C04F79EFBC}") = "pipecomm", "pipecomm\pipecomm.csproj", "{0BD73DAB-6DB3-4FAA-BA5C-564D2B71DFF6}"
EndProject
Project("{FAE04EC0-301F-11D3-BF4B-00C04F79EFBC}") = "winaudits", "winaudits\winaudits.csproj", "{C67D6E8D-47B5-428C-A466-55193AF6EAAD}"
EndProject
Project("{FAE04EC0-301F-11D3-BF4B-00C04F79EFBC}") = "WindAuditor", "WinAuditManager\WindAuditor.csproj", "{919AEF83-C27F-4CDF-BC0D-0592D7FD6262}"
EndProject
Global
	GlobalSection(SolutionConfigurationPlatforms) = preSolution
		Debug|Any CPU = Debug|Any CPU
		Debug|Mixed Platforms = Debug|Mixed Platforms
		Debug|x64 = Debug|x64
		Debug|x86 = Debug|x86
		Release|Any CPU = Release|Any CPU
		Release|Mixed Platforms = Release|Mixed Platforms
		Release|x64 = Release|x64
		Release|x86 = Release|x86
	EndGlobalSection
	GlobalSection(ProjectConfigurationPlatforms) = postSolution
		{8D73A1BE-868C-42D2-9ECE-F32CC1A02906}.Debug|Any CPU.ActiveCfg = Debug|Any CPU
		{8D73A1BE-868C-42D2-9ECE-F32CC1A02906}.Debug|Any CPU.Build.0 = Debug|Any CPU
		{8D73A1BE-868C-42D2-9ECE-F32CC1A02906}.Debug|Mixed Platforms.ActiveCfg = Debug|Any CPU
		{8D73A1BE-868C-42D2-9ECE-F32CC1A02906}.Debug|Mixed Platforms.Build.0 = Debug|Any CPU
		{8D73A1BE-868C-42D2-9ECE-F32CC1A02906}.Debug|x64.ActiveCfg = Debug|x64
		{8D73A1BE-868C-42D2-9ECE-F32CC1A02906}.Debug|x64.Build.0 = Debug|x64
		{8D73A1BE-868C-42D2-9ECE-F32CC1A02906}.Debug|x86.ActiveCfg = Debug|x86
		{8D73A1BE-868C-42D2-9ECE-F32CC1A02906}.Debug|x86.Build.0 = Debug|x86
		{8D73A1BE-868C-42D2-9ECE-F32CC1A02906}.Release|Any CPU.ActiveCfg = Release|Any CPU
		{8D73A1BE-868C-42D2-9ECE-F32CC1A02906}.Release|Any CPU.Build.0 = Release|Any CPU
		{8D73A1BE-868C-42D2-9ECE-F32CC1A02906}.Release|Mixed Platforms.ActiveCfg = Release|Any CPU
		{8D73A1BE-868C-42D2-9ECE-F32CC1A02906}.Release|Mixed Platforms.Build.0 = Release|Any CPU
		{8D73A1BE-868C-42D2-9ECE-F32CC1A02906}.Release|x64.ActiveCfg = Release|x64
		{8D73A1BE-868C-42D2-9ECE-F32CC1A02906}.Release|x64.Build.0 = Release|x64
		{8D73A1BE-868C-42D2-9ECE-F32CC1A02906}.Release|x86.ActiveCfg = Release|x86
		{8D73A1BE-868C-42D2-9ECE-F32CC1A02906}.Release|x86.Build.0 = Release|x86
		{5BEA75D3-72E2-41AA-93D8-37732EA2837D}.Debug|Any CPU.ActiveCfg = Debug|Any CPU
		{5BEA75D3-72E2-41AA-93D8-37732EA2837D}.Debug|Any CPU.Build.0 = Debug|Any CPU
		{5BEA75D3-72E2-41AA-93D8-37732EA2837D}.Debug|Mixed Platforms.ActiveCfg = Debug|Any CPU
		{5BEA75D3-72E2-41AA-93D8-37732EA2837D}.Debug|Mixed Platforms.Build.0 = Debug|Any CPU
		{5BEA75D3-72E2-41AA-93D8-37732EA2837D}.Debug|x64.ActiveCfg = Debug|x86
		{5BEA75D3-72E2-41AA-93D8-37732EA2837D}.Debug|x86.ActiveCfg = Debug|x86
		{5BEA75D3-72E2-41AA-93D8-37732EA2837D}.Debug|x86.Build.0 = Debug|x86
		{5BEA75D3-72E2-41AA-93D8-37732EA2837D}.Release|Any CPU.ActiveCfg = Release|Any CPU
		{5BEA75D3-72E2-41AA-93D8-37732EA2837D}.Release|Any CPU.Build.0 = Release|Any CPU
		{5BEA75D3-72E2-41AA-93D8-37732EA2837D}.Release|Mixed Platforms.ActiveCfg = Release|Any CPU
		{5BEA75D3-72E2-41AA-93D8-37732EA2837D}.Release|Mixed Platforms.Build.0 = Release|Any CPU
		{5BEA75D3-72E2-41AA-93D8-37732EA2837D}.Release|x64.ActiveCfg = Release|x86
		{5BEA75D3-72E2-41AA-93D8-37732EA2837D}.Release|x86.ActiveCfg = Release|x86
		{5BEA75D3-72E2-41AA-93D8-37732EA2837D}.Release|x86.Build.0 = Release|x86
		{12C89DE7-709E-4F4F-94C8-E52EF4C6121D}.Debug|Any CPU.ActiveCfg = Debug|Any CPU
		{12C89DE7-709E-4F4F-94C8-E52EF4C6121D}.Debug|Any CPU.Build.0 = Debug|Any CPU
		{12C89DE7-709E-4F4F-94C8-E52EF4C6121D}.Debug|Mixed Platforms.ActiveCfg = Debug|Any CPU
		{12C89DE7-709E-4F4F-94C8-E52EF4C6121D}.Debug|Mixed Platforms.Build.0 = Debug|Any CPU
		{12C89DE7-709E-4F4F-94C8-E52EF4C6121D}.Debug|x64.ActiveCfg = Debug|x86
		{12C89DE7-709E-4F4F-94C8-E52EF4C6121D}.Debug|x86.ActiveCfg = Debug|x86
		{12C89DE7-709E-4F4F-94C8-E52EF4C6121D}.Debug|x86.Build.0 = Debug|x86
		{12C89DE7-709E-4F4F-94C8-E52EF4C6121D}.Release|Any CPU.ActiveCfg = Release|Any CPU
		{12C89DE7-709E-4F4F-94C8-E52EF4C6121D}.Release|Any CPU.Build.0 = Release|Any CPU
		{12C89DE7-709E-4F4F-94C8-E52EF4C6121D}.Release|Mixed Platforms.ActiveCfg = Release|Any CPU
		{12C89DE7-709E-4F4F-94C8-E52EF4C6121D}.Release|Mixed Platforms.Build.0 = Release|Any CPU
		{12C89DE7-709E-4F4F-94C8-E52EF4C6121D}.Release|x64.ActiveCfg = Release|x86
		{12C89DE7-709E-4F4F-94C8-E52EF4C6121D}.Release|x86.ActiveCfg = Release|x86
		{12C89DE7-709E-4F4F-94C8-E52EF4C6121D}.Release|x86.Build.0 = Release|x86
		{7472746E-4CB9-4D02-AEE1-49F3A138F1DE}.Debug|Any CPU.ActiveCfg = Debug|Any CPU
		{7472746E-4CB9-4D02-AEE1-49F3A138F1DE}.Debug|Any CPU.Build.0 = Debug|Any CPU
		{7472746E-4CB9-4D02-AEE1-49F3A138F1DE}.Debug|Mixed Platforms.ActiveCfg = Debug|x86
		{7472746E-4CB9-4D02-AEE1-49F3A138F1DE}.Debug|Mixed Platforms.Build.0 = Debug|x86
		{7472746E-4CB9-4D02-AEE1-49F3A138F1DE}.Debug|x64.ActiveCfg = Debug|x86
		{7472746E-4CB9-4D02-AEE1-49F3A138F1DE}.Debug|x86.ActiveCfg = Debug|x86
		{7472746E-4CB9-4D02-AEE1-49F3A138F1DE}.Debug|x86.Build.0 = Debug|x86
		{7472746E-4CB9-4D02-AEE1-49F3A138F1DE}.Release|Any CPU.ActiveCfg = Release|Any CPU
		{7472746E-4CB9-4D02-AEE1-49F3A138F1DE}.Release|Any CPU.Build.0 = Release|Any CPU
		{7472746E-4CB9-4D02-AEE1-49F3A138F1DE}.Release|Mixed Platforms.ActiveCfg = Release|x86
		{7472746E-4CB9-4D02-AEE1-49F3A138F1DE}.Release|Mixed Platforms.Build.0 = Release|x86
		{7472746E-4CB9-4D02-AEE1-49F3A138F1DE}.Release|x64.ActiveCfg = Release|x86
		{7472746E-4CB9-4D02-AEE1-49F3A138F1DE}.Release|x86.ActiveCfg = Release|x86
		{7472746E-4CB9-4D02-AEE1-49F3A138F1DE}.Release|x86.Build.0 = Release|x86
		{EF2FB02F-099F-4FA1-84BB-3169FB9D0B69}.Debug|Any CPU.ActiveCfg = Debug
		{EF2FB02F-099F-4FA1-84BB-3169FB9D0B69}.Debug|Any CPU.Build.0 = Debug
		{EF2FB02F-099F-4FA1-84BB-3169FB9D0B69}.Debug|Mixed Platforms.ActiveCfg = Debug
		{EF2FB02F-099F-4FA1-84BB-3169FB9D0B69}.Debug|Mixed Platforms.Build.0 = Debug
		{EF2FB02F-099F-4FA1-84BB-3169FB9D0B69}.Debug|x64.ActiveCfg = Debug
		{EF2FB02F-099F-4FA1-84BB-3169FB9D0B69}.Debug|x64.Build.0 = Debug
		{EF2FB02F-099F-4FA1-84BB-3169FB9D0B69}.Debug|x86.ActiveCfg = Debug
		{EF2FB02F-099F-4FA1-84BB-3169FB9D0B69}.Debug|x86.Build.0 = Debug
		{EF2FB02F-099F-4FA1-84BB-3169FB9D0B69}.Release|Any CPU.ActiveCfg = Release
		{EF2FB02F-099F-4FA1-84BB-3169FB9D0B69}.Release|Any CPU.Build.0 = Release
		{EF2FB02F-099F-4FA1-84BB-3169FB9D0B69}.Release|Mixed Platforms.ActiveCfg = Release
		{EF2FB02F-099F-4FA1-84BB-3169FB9D0B69}.Release|Mixed Platforms.Build.0 = Release
		{EF2FB02F-099F-4FA1-84BB-3169FB9D0B69}.Release|x64.ActiveCfg = Release
		{EF2FB02F-099F-4FA1-84BB-3169FB9D0B69}.Release|x64.Build.0 = Release
		{EF2FB02F-099F-4FA1-84BB-3169FB9D0B69}.Release|x86.ActiveCfg = Release
		{EF2FB02F-099F-4FA1-84BB-3169FB9D0B69}.Release|x86.Build.0 = Release
		{20F63914-4FF5-43FF-B928-FE3DBA8226DE}.Debug|Any CPU.ActiveCfg = Debug|Any CPU
		{20F63914-4FF5-43FF-B928-FE3DBA8226DE}.Debug|Any CPU.Build.0 = Debug|Any CPU
		{20F63914-4FF5-43FF-B928-FE3DBA8226DE}.Debug|Mixed Platforms.ActiveCfg = Debug|Any CPU
		{20F63914-4FF5-43FF-B928-FE3DBA8226DE}.Debug|Mixed Platforms.Build.0 = Debug|Any CPU
		{20F63914-4FF5-43FF-B928-FE3DBA8226DE}.Debug|x64.ActiveCfg = Debug|x86
		{20F63914-4FF5-43FF-B928-FE3DBA8226DE}.Debug|x86.ActiveCfg = Debug|x86
		{20F63914-4FF5-43FF-B928-FE3DBA8226DE}.Debug|x86.Build.0 = Debug|x86
		{20F63914-4FF5-43FF-B928-FE3DBA8226DE}.Release|Any CPU.ActiveCfg = Release|Any CPU
		{20F63914-4FF5-43FF-B928-FE3DBA8226DE}.Release|Any CPU.Build.0 = Release|Any CPU
		{20F63914-4FF5-43FF-B928-FE3DBA8226DE}.Release|Mixed Platforms.ActiveCfg = Release|Any CPU
		{20F63914-4FF5-43FF-B928-FE3DBA8226DE}.Release|Mixed Platforms.Build.0 = Release|Any CPU
		{20F63914-4FF5-43FF-B928-FE3DBA8226DE}.Release|x64.ActiveCfg = Release|x86
		{20F63914-4FF5-43FF-B928-FE3DBA8226DE}.Release|x86.ActiveCfg = Release|x86
		{20F63914-4FF5-43FF-B928-FE3DBA8226DE}.Release|x86.Build.0 = Release|x86
		{8D24A6A0-2025-42AF-9A49-AE843C3FCCB9}.Debug|Any CPU.ActiveCfg = Debug|Any CPU
		{8D24A6A0-2025-42AF-9A49-AE843C3FCCB9}.Debug|Any CPU.Build.0 = Debug|Any CPU
		{8D24A6A0-2025-42AF-9A49-AE843C3FCCB9}.Debug|Mixed Platforms.ActiveCfg = Debug|x86
		{8D24A6A0-2025-42AF-9A49-AE843C3FCCB9}.Debug|Mixed Platforms.Build.0 = Debug|x86
		{8D24A6A0-2025-42AF-9A49-AE843C3FCCB9}.Debug|x64.ActiveCfg = Debug|x86
		{8D24A6A0-2025-42AF-9A49-AE843C3FCCB9}.Debug|x86.ActiveCfg = Debug|x86
		{8D24A6A0-2025-42AF-9A49-AE843C3FCCB9}.Debug|x86.Build.0 = Debug|x86
		{8D24A6A0-2025-42AF-9A49-AE843C3FCCB9}.Release|Any CPU.ActiveCfg = Release|Any CPU
		{8D24A6A0-2025-42AF-9A49-AE843C3FCCB9}.Release|Any CPU.Build.0 = Release|Any CPU
		{8D24A6A0-2025-42AF-9A49-AE843C3FCCB9}.Release|Mixed Platforms.ActiveCfg = Release|x86
		{8D24A6A0-2025-42AF-9A49-AE843C3FCCB9}.Release|Mixed Platforms.Build.0 = Release|x86
		{8D24A6A0-2025-42AF-9A49-AE843C3FCCB9}.Release|x64.ActiveCfg = Release|x86
		{8D24A6A0-2025-42AF-9A49-AE843C3FCCB9}.Release|x86.ActiveCfg = Release|x86
		{8D24A6A0-2025-42AF-9A49-AE843C3FCCB9}.Release|x86.Build.0 = Release|x86
		{80C8BD1F-79B0-4189-8BE8-1CB5D0098A50}.Debug|Any CPU.ActiveCfg = Debug|Any CPU
		{80C8BD1F-79B0-4189-8BE8-1CB5D0098A50}.Debug|Any CPU.Build.0 = Debug|Any CPU
		{80C8BD1F-79B0-4189-8BE8-1CB5D0098A50}.Debug|Mixed Platforms.ActiveCfg = Debug|Any CPU
		{80C8BD1F-79B0-4189-8BE8-1CB5D0098A50}.Debug|Mixed Platforms.Build.0 = Debug|Any CPU
		{80C8BD1F-79B0-4189-8BE8-1CB5D0098A50}.Debug|x64.ActiveCfg = Debug|x86
		{80C8BD1F-79B0-4189-8BE8-1CB5D0098A50}.Debug|x86.ActiveCfg = Debug|x86
		{80C8BD1F-79B0-4189-8BE8-1CB5D0098A50}.Debug|x86.Build.0 = Debug|x86
		{80C8BD1F-79B0-4189-8BE8-1CB5D0098A50}.Release|Any CPU.ActiveCfg = Release|Any CPU
		{80C8BD1F-79B0-4189-8BE8-1CB5D0098A50}.Release|Any CPU.Build.0 = Release|Any CPU
		{80C8BD1F-79B0-4189-8BE8-1CB5D0098A50}.Release|Mixed Platforms.ActiveCfg = Release|Any CPU
		{80C8BD1F-79B0-4189-8BE8-1CB5D0098A50}.Release|Mixed Platforms.Build.0 = Release|Any CPU
		{80C8BD1F-79B0-4189-8BE8-1CB5D0098A50}.Release|x64.ActiveCfg = Release|x86
		{80C8BD1F-79B0-4189-8BE8-1CB5D0098A50}.Release|x86.ActiveCfg = Release|x86
		{80C8BD1F-79B0-4189-8BE8-1CB5D0098A50}.Release|x86.Build.0 = Release|x86
		{6681A35B-DA46-4811-8B69-5D6DEBDC73D4}.Debug|Any CPU.ActiveCfg = Debug|x86
		{6681A35B-DA46-4811-8B69-5D6DEBDC73D4}.Debug|Mixed Platforms.ActiveCfg = Debug|x86
		{6681A35B-DA46-4811-8B69-5D6DEBDC73D4}.Debug|Mixed Platforms.Build.0 = Debug|x86
		{6681A35B-DA46-4811-8B69-5D6DEBDC73D4}.Debug|x64.ActiveCfg = Debug|x86
		{6681A35B-DA46-4811-8B69-5D6DEBDC73D4}.Debug|x86.ActiveCfg = Debug|x86
		{6681A35B-DA46-4811-8B69-5D6DEBDC73D4}.Debug|x86.Build.0 = Debug|x86
		{6681A35B-DA46-4811-8B69-5D6DEBDC73D4}.Release|Any CPU.ActiveCfg = Release|x86
		{6681A35B-DA46-4811-8B69-5D6DEBDC73D4}.Release|Mixed Platforms.ActiveCfg = Release|x86
		{6681A35B-DA46-4811-8B69-5D6DEBDC73D4}.Release|Mixed Platforms.Build.0 = Release|x86
		{6681A35B-DA46-4811-8B69-5D6DEBDC73D4}.Release|x64.ActiveCfg = Release|x86
		{6681A35B-DA46-4811-8B69-5D6DEBDC73D4}.Release|x86.ActiveCfg = Release|x86
		{6681A35B-DA46-4811-8B69-5D6DEBDC73D4}.Release|x86.Build.0 = Release|x86
		{65D8A60F-A8D2-4D1D-B979-2CAD2C8AC1DB}.Debug|Any CPU.ActiveCfg = Debug|x86
		{65D8A60F-A8D2-4D1D-B979-2CAD2C8AC1DB}.Debug|Mixed Platforms.ActiveCfg = Debug|x86
		{65D8A60F-A8D2-4D1D-B979-2CAD2C8AC1DB}.Debug|Mixed Platforms.Build.0 = Debug|x86
		{65D8A60F-A8D2-4D1D-B979-2CAD2C8AC1DB}.Debug|x64.ActiveCfg = Debug|x86
		{65D8A60F-A8D2-4D1D-B979-2CAD2C8AC1DB}.Debug|x86.ActiveCfg = Debug|x86
		{65D8A60F-A8D2-4D1D-B979-2CAD2C8AC1DB}.Debug|x86.Build.0 = Debug|x86
		{65D8A60F-A8D2-4D1D-B979-2CAD2C8AC1DB}.Release|Any CPU.ActiveCfg = Release|x86
		{65D8A60F-A8D2-4D1D-B979-2CAD2C8AC1DB}.Release|Mixed Platforms.ActiveCfg = Release|x86
		{65D8A60F-A8D2-4D1D-B979-2CAD2C8AC1DB}.Release|Mixed Platforms.Build.0 = Release|x86
		{65D8A60F-A8D2-4D1D-B979-2CAD2C8AC1DB}.Release|x64.ActiveCfg = Release|x86
		{65D8A60F-A8D2-4D1D-B979-2CAD2C8AC1DB}.Release|x86.ActiveCfg = Release|x86
		{65D8A60F-A8D2-4D1D-B979-2CAD2C8AC1DB}.Release|x86.Build.0 = Release|x86
		{1E432E75-4537-4854-8A79-1E097E768A3C}.Debug|Any CPU.ActiveCfg = Debug|x86
		{1E432E75-4537-4854-8A79-1E097E768A3C}.Debug|Mixed Platforms.ActiveCfg = Debug|x86
		{1E432E75-4537-4854-8A79-1E097E768A3C}.Debug|Mixed Platforms.Build.0 = Debug|x86
		{1E432E75-4537-4854-8A79-1E097E768A3C}.Debug|x64.ActiveCfg = Debug|x86
		{1E432E75-4537-4854-8A79-1E097E768A3C}.Debug|x86.ActiveCfg = Debug|x86
		{1E432E75-4537-4854-8A79-1E097E768A3C}.Debug|x86.Build.0 = Debug|x86
		{1E432E75-4537-4854-8A79-1E097E768A3C}.Release|Any CPU.ActiveCfg = Release|x86
		{1E432E75-4537-4854-8A79-1E097E768A3C}.Release|Mixed Platforms.ActiveCfg = Release|x86
		{1E432E75-4537-4854-8A79-1E097E768A3C}.Release|Mixed Platforms.Build.0 = Release|x86
		{1E432E75-4537-4854-8A79-1E097E768A3C}.Release|x64.ActiveCfg = Release|x86
		{1E432E75-4537-4854-8A79-1E097E768A3C}.Release|x86.ActiveCfg = Release|x86
		{1E432E75-4537-4854-8A79-1E097E768A3C}.Release|x86.Build.0 = Release|x86
		{A5D9324F-D09A-4151-8820-A78B9A3A6FF7}.Debug|Any CPU.ActiveCfg = Debug|Any CPU
		{A5D9324F-D09A-4151-8820-A78B9A3A6FF7}.Debug|Any CPU.Build.0 = Debug|Any CPU
		{A5D9324F-D09A-4151-8820-A78B9A3A6FF7}.Debug|Mixed Platforms.ActiveCfg = Debug|x86
		{A5D9324F-D09A-4151-8820-A78B9A3A6FF7}.Debug|Mixed Platforms.Build.0 = Debug|x86
		{A5D9324F-D09A-4151-8820-A78B9A3A6FF7}.Debug|x64.ActiveCfg = Debug|Any CPU
		{A5D9324F-D09A-4151-8820-A78B9A3A6FF7}.Debug|x86.ActiveCfg = Debug|x86
		{A5D9324F-D09A-4151-8820-A78B9A3A6FF7}.Debug|x86.Build.0 = Debug|x86
		{A5D9324F-D09A-4151-8820-A78B9A3A6FF7}.Release|Any CPU.ActiveCfg = Release|Any CPU
		{A5D9324F-D09A-4151-8820-A78B9A3A6FF7}.Release|Any CPU.Build.0 = Release|Any CPU
		{A5D9324F-D09A-4151-8820-A78B9A3A6FF7}.Release|Mixed Platforms.ActiveCfg = Release|x86
		{A5D9324F-D09A-4151-8820-A78B9A3A6FF7}.Release|Mixed Platforms.Build.0 = Release|x86
		{A5D9324F-D09A-4151-8820-A78B9A3A6FF7}.Release|x64.ActiveCfg = Release|Any CPU
		{A5D9324F-D09A-4151-8820-A78B9A3A6FF7}.Release|x86.ActiveCfg = Release|x86
		{A5D9324F-D09A-4151-8820-A78B9A3A6FF7}.Release|x86.Build.0 = Release|x86
		{B59D8071-EAF9-4C9C-BD0C-782F8FE43EA6}.Debug|Any CPU.ActiveCfg = Debug|Any CPU
		{B59D8071-EAF9-4C9C-BD0C-782F8FE43EA6}.Debug|Any CPU.Build.0 = Debug|Any CPU
		{B59D8071-EAF9-4C9C-BD0C-782F8FE43EA6}.Debug|Mixed Platforms.ActiveCfg = Debug|Any CPU
		{B59D8071-EAF9-4C9C-BD0C-782F8FE43EA6}.Debug|Mixed Platforms.Build.0 = Debug|Any CPU
		{B59D8071-EAF9-4C9C-BD0C-782F8FE43EA6}.Debug|x64.ActiveCfg = Debug|Any CPU
		{B59D8071-EAF9-4C9C-BD0C-782F8FE43EA6}.Debug|x86.ActiveCfg = Debug|x86
		{B59D8071-EAF9-4C9C-BD0C-782F8FE43EA6}.Debug|x86.Build.0 = Debug|x86
		{B59D8071-EAF9-4C9C-BD0C-782F8FE43EA6}.Release|Any CPU.ActiveCfg = Release|Any CPU
		{B59D8071-EAF9-4C9C-BD0C-782F8FE43EA6}.Release|Any CPU.Build.0 = Release|Any CPU
		{B59D8071-EAF9-4C9C-BD0C-782F8FE43EA6}.Release|Mixed Platforms.ActiveCfg = Release|Any CPU
		{B59D8071-EAF9-4C9C-BD0C-782F8FE43EA6}.Release|Mixed Platforms.Build.0 = Release|Any CPU
		{B59D8071-EAF9-4C9C-BD0C-782F8FE43EA6}.Release|x64.ActiveCfg = Release|Any CPU
		{B59D8071-EAF9-4C9C-BD0C-782F8FE43EA6}.Release|x86.ActiveCfg = Release|x86
		{B59D8071-EAF9-4C9C-BD0C-782F8FE43EA6}.Release|x86.Build.0 = Release|x86
		{0BD73DAB-6DB3-4FAA-BA5C-564D2B71DFF6}.Debug|Any CPU.ActiveCfg = Debug|Any CPU
		{0BD73DAB-6DB3-4FAA-BA5C-564D2B71DFF6}.Debug|Any CPU.Build.0 = Debug|Any CPU
		{0BD73DAB-6DB3-4FAA-BA5C-564D2B71DFF6}.Debug|Mixed Platforms.ActiveCfg = Debug|x86
		{0BD73DAB-6DB3-4FAA-BA5C-564D2B71DFF6}.Debug|Mixed Platforms.Build.0 = Debug|x86
		{0BD73DAB-6DB3-4FAA-BA5C-564D2B71DFF6}.Debug|x64.ActiveCfg = Debug|Any CPU
		{0BD73DAB-6DB3-4FAA-BA5C-564D2B71DFF6}.Debug|x86.ActiveCfg = Debug|x86
		{0BD73DAB-6DB3-4FAA-BA5C-564D2B71DFF6}.Debug|x86.Build.0 = Debug|x86
		{0BD73DAB-6DB3-4FAA-BA5C-564D2B71DFF6}.Release|Any CPU.ActiveCfg = Release|Any CPU
		{0BD73DAB-6DB3-4FAA-BA5C-564D2B71DFF6}.Release|Any CPU.Build.0 = Release|Any CPU
		{0BD73DAB-6DB3-4FAA-BA5C-564D2B71DFF6}.Release|Mixed Platforms.ActiveCfg = Release|x86
		{0BD73DAB-6DB3-4FAA-BA5C-564D2B71DFF6}.Release|Mixed Platforms.Build.0 = Release|x86
		{0BD73DAB-6DB3-4FAA-BA5C-564D2B71DFF6}.Release|x64.ActiveCfg = Release|Any CPU
		{0BD73DAB-6DB3-4FAA-BA5C-564D2B71DFF6}.Release|x86.ActiveCfg = Release|x86
		{0BD73DAB-6DB3-4FAA-BA5C-564D2B71DFF6}.Release|x86.Build.0 = Release|x86
		{C67D6E8D-47B5-428C-A466-55193AF6EAAD}.Debug|Any CPU.ActiveCfg = Debug|Any CPU
		{C67D6E8D-47B5-428C-A466-55193AF6EAAD}.Debug|Any CPU.Build.0 = Debug|Any CPU
		{C67D6E8D-47B5-428C-A466-55193AF6EAAD}.Debug|Mixed Platforms.ActiveCfg = Debug|x86
		{C67D6E8D-47B5-428C-A466-55193AF6EAAD}.Debug|Mixed Platforms.Build.0 = Debug|x86
		{C67D6E8D-47B5-428C-A466-55193AF6EAAD}.Debug|x64.ActiveCfg = Debug|Any CPU
		{C67D6E8D-47B5-428C-A466-55193AF6EAAD}.Debug|x86.ActiveCfg = Debug|x86
		{C67D6E8D-47B5-428C-A466-55193AF6EAAD}.Debug|x86.Build.0 = Debug|x86
		{C67D6E8D-47B5-428C-A466-55193AF6EAAD}.Release|Any CPU.ActiveCfg = Release|Any CPU
		{C67D6E8D-47B5-428C-A466-55193AF6EAAD}.Release|Any CPU.Build.0 = Release|Any CPU
		{C67D6E8D-47B5-428C-A466-55193AF6EAAD}.Release|Mixed Platforms.ActiveCfg = Release|x86
		{C67D6E8D-47B5-428C-A466-55193AF6EAAD}.Release|Mixed Platforms.Build.0 = Release|x86
		{C67D6E8D-47B5-428C-A466-55193AF6EAAD}.Release|x64.ActiveCfg = Release|Any CPU
		{C67D6E8D-47B5-428C-A466-55193AF6EAAD}.Release|x86.ActiveCfg = Release|x86
		{C67D6E8D-47B5-428C-A466-55193AF6EAAD}.Release|x86.Build.0 = Release|x86
		{919AEF83-C27F-4CDF-BC0D-0592D7FD6262}.Debug|Any CPU.ActiveCfg = Debug|Any CPU
		{919AEF83-C27F-4CDF-BC0D-0592D7FD6262}.Debug|Any CPU.Build.0 = Debug|Any CPU
		{919AEF83-C27F-4CDF-BC0D-0592D7FD6262}.Debug|Mixed Platforms.ActiveCfg = Debug|x86
		{919AEF83-C27F-4CDF-BC0D-0592D7FD6262}.Debug|Mixed Platforms.Build.0 = Debug|x86
		{919AEF83-C27F-4CDF-BC0D-0592D7FD6262}.Debug|x64.ActiveCfg = Debug|Any CPU
		{919AEF83-C27F-4CDF-BC0D-0592D7FD6262}.Debug|x86.ActiveCfg = Debug|x86
		{919AEF83-C27F-4CDF-BC0D-0592D7FD6262}.Debug|x86.Build.0 = Debug|x86
		{919AEF83-C27F-4CDF-BC0D-0592D7FD6262}.Release|Any CPU.ActiveCfg = Release|Any CPU
		{919AEF83-C27F-4CDF-BC0D-0592D7FD6262}.Release|Any CPU.Build.0 = Release|Any CPU
		{919AEF83-C27F-4CDF-BC0D-0592D7FD6262}.Release|Mixed Platforms.ActiveCfg = Release|x86
		{919AEF83-C27F-4CDF-BC0D-0592D7FD6262}.Release|Mixed Platforms.Build.0 = Release|x86
		{919AEF83-C27F-4CDF-BC0D-0592D7FD6262}.Release|x64.ActiveCfg = Release|Any CPU
		{919AEF83-C27F-4CDF-BC0D-0592D7FD6262}.Release|x86.ActiveCfg = Release|x86
		{919AEF83-C27F-4CDF-BC0D-0592D7FD6262}.Release|x86.Build.0 = Release|x86
	EndGlobalSection
	GlobalSection(SolutionProperties) = preSolution
		HideSolutionNode = FALSE
	EndGlobalSection
EndGlobal
